{
    "name": "diff-card-list-example",
    "version": "1.0.0",
    "lockfileVersion": 3,
    "requires": true,
    "packages": {
        "": {
            "name": "diff-card-list-example",
            "version": "1.0.0",
            "dependencies": {
                "@bionamic/body": "4.0.3",
                "@bionamic/component": "6.0.0",
                "@bionamic/util": "2.0.5",
                "xlsx": "^0.18.5"
            },
            "devDependencies": {
                "@biomejs/biome": "1.6.1"
            }
        },
        "node_modules/@biomejs/biome": {
            "version": "1.6.1",
            "resolved": "https://registry.npmjs.org/@biomejs/biome/-/biome-1.6.1.tgz",
            "integrity": "sha512-SILQvA2S0XeaOuu1bivv6fQmMo7zMfr2xqDEN+Sz78pGbAKZnGmg0emsXjQWoBY/RVm9kPCgX+aGEpZZTYaM7w==",
            "dev": true,
            "hasInstallScript": true,
            "bin": {
                "biome": "bin/biome"
            },
            "engines": {
                "node": ">=14.*"
            },
            "funding": {
                "type": "opencollective",
                "url": "https://opencollective.com/biome"
            },
            "optionalDependencies": {
                "@biomejs/cli-darwin-arm64": "1.6.1",
                "@biomejs/cli-darwin-x64": "1.6.1",
                "@biomejs/cli-linux-arm64": "1.6.1",
                "@biomejs/cli-linux-arm64-musl": "1.6.1",
                "@biomejs/cli-linux-x64": "1.6.1",
                "@biomejs/cli-linux-x64-musl": "1.6.1",
                "@biomejs/cli-win32-arm64": "1.6.1",
                "@biomejs/cli-win32-x64": "1.6.1"
            }
        },
        "node_modules/@biomejs/cli-darwin-arm64": {
            "version": "1.6.1",
            "resolved": "https://registry.npmjs.org/@biomejs/cli-darwin-arm64/-/cli-darwin-arm64-1.6.1.tgz",
            "integrity": "sha512-KlvY00iB9T/vFi4m/GXxEyYkYnYy6aw06uapzUIIdiMMj7I/pmZu7CsZlzWdekVD0j+SsQbxdZMsb0wPhnRSsg==",
            "cpu": [
                "arm64"
            ],
            "dev": true,
            "optional": true,
            "os": [
                "darwin"
            ],
            "engines": {
                "node": ">=14.*"
            }
        },
        "node_modules/@biomejs/cli-darwin-x64": {
            "version": "1.6.1",
            "resolved": "https://registry.npmjs.org/@biomejs/cli-darwin-x64/-/cli-darwin-x64-1.6.1.tgz",
            "integrity": "sha512-jP4E8TXaQX5e3nvRJSzB+qicZrdIDCrjR0sSb1DaDTx4JPZH5WXq/BlTqAyWi3IijM+IYMjWqAAK4kOHsSCzxw==",
            "cpu": [
                "x64"
            ],
            "dev": true,
            "optional": true,
            "os": [
                "darwin"
            ],
            "engines": {
                "node": ">=14.*"
            }
        },
        "node_modules/@biomejs/cli-linux-arm64": {
            "version": "1.6.1",
            "resolved": "https://registry.npmjs.org/@biomejs/cli-linux-arm64/-/cli-linux-arm64-1.6.1.tgz",
            "integrity": "sha512-nxD1UyX3bWSl/RSKlib/JsOmt+652/9yieogdSC/UTLgVCZYOF7u8L/LK7kAa0Y4nA8zSPavAQTgko7mHC2ObA==",
            "cpu": [
                "arm64"
            ],
            "dev": true,
            "optional": true,
            "os": [
                "linux"
            ],
            "engines": {
                "node": ">=14.*"
            }
        },
        "node_modules/@biomejs/cli-linux-arm64-musl": {
            "version": "1.6.1",
            "resolved": "https://registry.npmjs.org/@biomejs/cli-linux-arm64-musl/-/cli-linux-arm64-musl-1.6.1.tgz",
            "integrity": "sha512-YdkDgFecdHJg7PJxAMaZIixVWGB6St4yH08BHagO0fEhNNiY8cAKEVo2mcXlsnEiTMpeSEAY9VxLUrVT3IVxpw==",
            "cpu": [
                "arm64"
            ],
            "dev": true,
            "optional": true,
            "os": [
                "linux"
            ],
            "engines": {
                "node": ">=14.*"
            }
        },
        "node_modules/@biomejs/cli-linux-x64": {
            "version": "1.6.1",
            "resolved": "https://registry.npmjs.org/@biomejs/cli-linux-x64/-/cli-linux-x64-1.6.1.tgz",
            "integrity": "sha512-BYAzenlMF3QdngjNFw9QVBXKGNzeecqwF3pwDgUGEvU7OJpn1/lyVkJVxYPtVGRNdjQ9e6l/s8NjKuBpW/ZR4Q==",
            "cpu": [
                "x64"
            ],
            "dev": true,
            "optional": true,
            "os": [
                "linux"
            ],
            "engines": {
                "node": ">=14.*"
            }
        },
        "node_modules/@biomejs/cli-linux-x64-musl": {
            "version": "1.6.1",
            "resolved": "https://registry.npmjs.org/@biomejs/cli-linux-x64-musl/-/cli-linux-x64-musl-1.6.1.tgz",
            "integrity": "sha512-aSISIDmxq04NNy7tm4x9rBk2vH0ub2VDIE4outEmdC2LBtEJoINiphlZagx/FvjbsqUfygent9QUSn0oREnAXg==",
            "cpu": [
                "x64"
            ],
            "dev": true,
            "optional": true,
            "os": [
                "linux"
            ],
            "engines": {
                "node": ">=14.*"
            }
        },
        "node_modules/@biomejs/cli-win32-arm64": {
            "version": "1.6.1",
            "resolved": "https://registry.npmjs.org/@biomejs/cli-win32-arm64/-/cli-win32-arm64-1.6.1.tgz",
            "integrity": "sha512-/eCHQKZ1kEawUpkSuXq4urtxMsD1P1678OPG3zNKt3ru16AqqspLdO3jzBe3k74xCPYnQ36e9Yqc97Mo0qgPtg==",
            "cpu": [
                "arm64"
            ],
            "dev": true,
            "optional": true,
            "os": [
                "win32"
            ],
            "engines": {
                "node": ">=14.*"
            }
        },
        "node_modules/@biomejs/cli-win32-x64": {
            "version": "1.6.1",
            "resolved": "https://registry.npmjs.org/@biomejs/cli-win32-x64/-/cli-win32-x64-1.6.1.tgz",
            "integrity": "sha512-5TUZbzBwnDLFxLVGEPsorNi6eC2Gt+z4Oei9Qvq0M/4c4/mjZ96ABgwao/tMxf4ZBr/qyy2YdvF+gX9Rc+xC0A==",
            "cpu": [
                "x64"
            ],
            "dev": true,
            "optional": true,
            "os": [
                "win32"
            ],
            "engines": {
                "node": ">=14.*"
            }
        },
        "node_modules/@bionamic/body": {
            "version": "4.0.3",
            "resolved": "https://registry.npmjs.org/@bionamic/body/-/body-4.0.3.tgz",
            "integrity": "sha512-Wm6QThT64VlfY4vOh3vLcNH9I22/f7WPqHnn+nehseyW7tenxJzIKK9wn4uV+6Q6L6evNnJrs6xtWNJoMWGX/g==",
            "dependencies": {
                "lit": "2.7.6"
            }
        },
        "node_modules/@bionamic/component": {
            "version": "6.0.0",
            "resolved": "https://registry.npmjs.org/@bionamic/component/-/component-6.0.0.tgz",
            "integrity": "sha512-FVhBtvF6qLoWWx8lTdb1g/ICRyv6t//zB5DP1DaOH68R7sYMZP92Rfp5jp2B+/DrwFi37WHGbkaJBxeB8th2Gw==",
            "dependencies": {
                "@bionamic/body": "4.0.2",
                "@bionamic/util": "2.0.1",
                "lit": "2.7.6"
            }
        },
        "node_modules/@bionamic/component/node_modules/@bionamic/body": {
            "version": "4.0.2",
            "resolved": "https://registry.npmjs.org/@bionamic/body/-/body-4.0.2.tgz",
            "integrity": "sha512-QnTsEmI/JmrcksGdhQAbFIVGxFwaW9kPF1I9np+eWs4BzuYBTR7CzMsU2fOE5a7csamtJg8+0Hu0d8NbKKdXhw==",
            "dependencies": {
                "lit": "2.7.6"
            }
        },
        "node_modules/@bionamic/component/node_modules/@bionamic/util": {
            "version": "2.0.1",
            "resolved": "https://registry.npmjs.org/@bionamic/util/-/util-2.0.1.tgz",
            "integrity": "sha512-oICTGJHCw9CE5/I02RsPI+9rQfWudKJXKPxmd++A7V6cnlEYLMkMItRHQT3ZkG3mYy1e80vnBV7ROUVpOwSpHQ==",
            "dependencies": {
                "@bionamic/crypto": "1.1.3"
            }
        },
        "node_modules/@bionamic/crypto": {
            "version": "1.1.3",
            "resolved": "https://registry.npmjs.org/@bionamic/crypto/-/crypto-1.1.3.tgz",
            "integrity": "sha512-jBdDcwS03aegvhZvDiaScDXA0coD4AfUGMVhGuvhbu80Gh7QHwLnF4DNPUQ/hDrBUknVyag003xBGalZJH8dzg=="
        },
        "node_modules/@bionamic/util": {
            "version": "2.0.5",
            "resolved": "https://registry.npmjs.org/@bionamic/util/-/util-2.0.5.tgz",
            "integrity": "sha512-PBLSAVYmcgJxsJ/QpipobNmc+aKHlLYojUQO6T8/ai6MwtVD//BgRdZc5isNZI00o4SFG5JAoHOIE15vjpnTmQ==",
            "dependencies": {
                "xlsx": "https://cdn.sheetjs.com/xlsx-0.20.0/xlsx-0.20.0.tgz"
            }
        },
        "node_modules/@bionamic/util/node_modules/xlsx": {
            "version": "0.20.0",
            "resolved": "https://cdn.sheetjs.com/xlsx-0.20.0/xlsx-0.20.0.tgz",
            "integrity": "sha512-adg5edVTkXXGTnb0iWrc3Z47ViGgwmD47yx6VfSCZhfdKPtHcElYGs48OtcO4nwOu90Pjz5mmyl0HLcvbSRYTQ==",
            "license": "Apache-2.0",
            "bin": {
                "xlsx": "bin/xlsx.njs"
            },
            "engines": {
                "node": ">=0.8"
            }
        },
        "node_modules/@lit-labs/ssr-dom-shim": {
            "version": "1.2.0",
            "resolved": "https://registry.npmjs.org/@lit-labs/ssr-dom-shim/-/ssr-dom-shim-1.2.0.tgz",
            "integrity": "sha512-yWJKmpGE6lUURKAaIltoPIE/wrbY3TEkqQt+X0m+7fQNnAv0keydnYvbiJFP1PnMhizmIWRWOG5KLhYyc/xl+g=="
        },
        "node_modules/@lit/reactive-element": {
            "version": "1.6.3",
            "resolved": "https://registry.npmjs.org/@lit/reactive-element/-/reactive-element-1.6.3.tgz",
            "integrity": "sha512-QuTgnG52Poic7uM1AN5yJ09QMe0O28e10XzSvWDz02TJiiKee4stsiownEIadWm8nYzyDAyT+gKzUoZmiWQtsQ==",
            "dependencies": {
                "@lit-labs/ssr-dom-shim": "^1.0.0"
            }
        },
        "node_modules/@types/trusted-types": {
            "version": "2.0.7",
            "resolved": "https://registry.npmjs.org/@types/trusted-types/-/trusted-types-2.0.7.tgz",
            "integrity": "sha512-ScaPdn1dQczgbl0QFTeTOmVHFULt394XJgOQNoyVhZ6r2vLnMLJfBPd53SB52T/3G36VI1/g2MZaX0cwDuXsfw=="
        },
        "node_modules/adler-32": {
            "version": "1.3.1",
            "resolved": "https://registry.npmjs.org/adler-32/-/adler-32-1.3.1.tgz",
            "integrity": "sha512-ynZ4w/nUUv5rrsR8UUGoe1VC9hZj6V5hU9Qw1HlMDJGEJw5S7TfTErWTjMys6M7vr0YWcPqs3qAr4ss0nDfP+A==",
            "engines": {
                "node": ">=0.8"
            }
        },
        "node_modules/cfb": {
            "version": "1.2.2",
            "resolved": "https://registry.npmjs.org/cfb/-/cfb-1.2.2.tgz",
            "integrity": "sha512-KfdUZsSOw19/ObEWasvBP/Ac4reZvAGauZhs6S/gqNhXhI7cKwvlH7ulj+dOEYnca4bm4SGo8C1bTAQvnTjgQA==",
            "dependencies": {
                "adler-32": "~1.3.0",
                "crc-32": "~1.2.0"
            },
            "engines": {
                "node": ">=0.8"
            }
        },
        "node_modules/codepage": {
            "version": "1.15.0",
            "resolved": "https://registry.npmjs.org/codepage/-/codepage-1.15.0.tgz",
            "integrity": "sha512-3g6NUTPd/YtuuGrhMnOMRjFc+LJw/bnMp3+0r/Wcz3IXUuCosKRJvMphm5+Q+bvTVGcJJuRvVLuYba+WojaFaA==",
            "engines": {
                "node": ">=0.8"
            }
        },
        "node_modules/crc-32": {
            "version": "1.2.2",
            "resolved": "https://registry.npmjs.org/crc-32/-/crc-32-1.2.2.tgz",
            "integrity": "sha512-ROmzCKrTnOwybPcJApAA6WBWij23HVfGVNKqqrZpuyZOHqK2CwHSvpGuyt/UNNvaIjEd8X5IFGp4Mh+Ie1IHJQ==",
            "bin": {
                "crc32": "bin/crc32.njs"
            },
            "engines": {
                "node": ">=0.8"
            }
        },
        "node_modules/frac": {
            "version": "1.1.2",
            "resolved": "https://registry.npmjs.org/frac/-/frac-1.1.2.tgz",
            "integrity": "sha512-w/XBfkibaTl3YDqASwfDUqkna4Z2p9cFSr1aHDt0WoMTECnRfBOv2WArlZILlqgWlmdIlALXGpM2AOhEk5W3IA==",
            "engines": {
                "node": ">=0.8"
            }
        },
        "node_modules/lit": {
            "version": "2.7.6",
            "resolved": "https://registry.npmjs.org/lit/-/lit-2.7.6.tgz",
            "integrity": "sha512-1amFHA7t4VaaDe+vdQejSVBklwtH9svGoG6/dZi9JhxtJBBlqY5D1RV7iLUYY0trCqQc4NfhYYZilZiVHt7Hxg==",
            "dependencies": {
                "@lit/reactive-element": "^1.6.0",
                "lit-element": "^3.3.0",
                "lit-html": "^2.7.0"
            }
        },
        "node_modules/lit-element": {
            "version": "3.3.3",
            "resolved": "https://registry.npmjs.org/lit-element/-/lit-element-3.3.3.tgz",
            "integrity": "sha512-XbeRxmTHubXENkV4h8RIPyr8lXc+Ff28rkcQzw3G6up2xg5E8Zu1IgOWIwBLEQsu3cOVFqdYwiVi0hv0SlpqUA==",
            "dependencies": {
                "@lit-labs/ssr-dom-shim": "^1.1.0",
                "@lit/reactive-element": "^1.3.0",
                "lit-html": "^2.8.0"
            }
        },
        "node_modules/lit-html": {
            "version": "2.8.0",
            "resolved": "https://registry.npmjs.org/lit-html/-/lit-html-2.8.0.tgz",
            "integrity": "sha512-o9t+MQM3P4y7M7yNzqAyjp7z+mQGa4NS4CxiyLqFPyFWyc4O+nodLrkrxSaCTrla6M5YOLaT3RpbbqjszB5g3Q==",
            "dependencies": {
                "@types/trusted-types": "^2.0.2"
            }
        },
        "node_modules/ssf": {
            "version": "0.11.2",
            "resolved": "https://registry.npmjs.org/ssf/-/ssf-0.11.2.tgz",
            "integrity": "sha512-+idbmIXoYET47hH+d7dfm2epdOMUDjqcB4648sTZ+t2JwoyBFL/insLfB/racrDmsKB3diwsDA696pZMieAC5g==",
            "dependencies": {
                "frac": "~1.1.2"
            },
            "engines": {
                "node": ">=0.8"
            }
        },
        "node_modules/wmf": {
            "version": "1.0.2",
            "resolved": "https://registry.npmjs.org/wmf/-/wmf-1.0.2.tgz",
            "integrity": "sha512-/p9K7bEh0Dj6WbXg4JG0xvLQmIadrner1bi45VMJTfnbVHsc7yIajZyoSoK60/dtVBs12Fm6WkUI5/3WAVsNMw==",
            "engines": {
                "node": ">=0.8"
            }
        },
        "node_modules/word": {
            "version": "0.3.0",
            "resolved": "https://registry.npmjs.org/word/-/word-0.3.0.tgz",
            "integrity": "sha512-OELeY0Q61OXpdUfTp+oweA/vtLVg5VDOXh+3he3PNzLGG/y0oylSOC1xRVj0+l4vQ3tj/bB1HVHv1ocXkQceFA==",
            "engines": {
                "node": ">=0.8"
            }
        },
        "node_modules/xlsx": {
            "version": "0.18.5",
            "resolved": "https://registry.npmjs.org/xlsx/-/xlsx-0.18.5.tgz",
            "integrity": "sha512-dmg3LCjBPHZnQp5/F/+nnTa+miPJxUXB6vtk42YjBBKayDNagxGEeIdWApkYPOf3Z3pm3k62Knjzp7lMeTEtFQ==",
            "dependencies": {
                "adler-32": "~1.3.0",
                "cfb": "~1.2.1",
                "codepage": "~1.15.0",
                "crc-32": "~1.2.1",
                "ssf": "~0.11.2",
                "wmf": "~1.0.1",
                "word": "~0.3.0"
            },
            "bin": {
                "xlsx": "bin/xlsx.njs"
            },
            "engines": {
                "node": ">=0.8"
            }
        }
    }
}
